
Microsoft Visual Studio Solution File, Format Version 12.00
# Visual Studio Version 17
VisualStudioVersion = 17.7.34031.279
MinimumVisualStudioVersion = 10.0.40219.1
Project("{FAE04EC0-301F-11D3-BF4B-00C04F79EFBC}") = "lap4.1", "lap4.1\lap4.1.csproj", "{637D6B77-80B8-46E8-9267-B01B16DAE00F}"
EndProject
Global
	GlobalSection(SolutionConfigurationPlatforms) = preSolution
		Debug|Any CPU = Debug|Any CPU
		Release|Any CPU = Release|Any CPU
	EndGlobalSection
	GlobalSection(ProjectConfigurationPlatforms) = postSolution
		{637D6B77-80B8-46E8-9267-B01B16DAE00F}.Debug|Any CPU.ActiveCfg = Debug|Any CPU
		{637D6B77-80B8-46E8-9267-B01B16DAE00F}.Debug|Any CPU.Build.0 = Debug|Any CPU
		{637D6B77-80B8-46E8-9267-B01B16DAE00F}.Release|Any CPU.ActiveCfg = Release|Any CPU
		{637D6B77-80B8-46E8-9267-B01B16DAE00F}.Release|Any CPU.Build.0 = Release|Any CPU
	EndGlobalSection
	GlobalSection(SolutionProperties) = preSolution
		HideSolutionNode = FALSE
	EndGlobalSection
	GlobalSection(ExtensibilityGlobals) = postSolution
		SolutionGuid = {D96C966C-F379-47CF-878F-D673F0DDF23E}
	EndGlobalSection
EndGlobal
